// !$*UTF8*$!
{
	archiveVersion = 1;
	classes = {
	};
	objectVersion = 46;
	objects = {

/* Begin PBXBuildFile section */
		6D2A940B1A7ACB2D00B88FEE /* main.m in Sources */ = {isa = PBXBuildFile; fileRef = 6D2A940A1A7ACB2D00B88FEE /* main.m */; };
		6D2A940E1A7ACB2D00B88FEE /* AppDelegate.m in Sources */ = {isa = PBXBuildFile; fileRef = 6D2A940D1A7ACB2D00B88FEE /* AppDelegate.m */; };
		6D2A94111A7ACB2D00B88FEE /* ViewController.m in Sources */ = {isa = PBXBuildFile; fileRef = 6D2A94101A7ACB2D00B88FEE /* ViewController.m */; };
		6D2A94141A7ACB2D00B88FEE /* Main.storyboard in Resources */ = {isa = PBXBuildFile; fileRef = 6D2A94121A7ACB2D00B88FEE /* Main.storyboard */; };
		6D2A94161A7ACB2D00B88FEE /* Images.xcassets in Resources */ = {isa = PBXBuildFile; fileRef = 6D2A94151A7ACB2D00B88FEE /* Images.xcassets */; };
		6D2A94191A7ACB2D00B88FEE /* LaunchScreen.xib in Resources */ = {isa = PBXBuildFile; fileRef = 6D2A94171A7ACB2D00B88FEE /* LaunchScreen.xib */; };
		6D2A94251A7ACB2D00B88FEE /* Practice4Tests.m in Sources */ = {isa = PBXBuildFile; fileRef = 6D2A94241A7ACB2D00B88FEE /* Practice4Tests.m */; };
/* End PBXBuildFile section */

/* Begin PBXContainerItemProxy section */
		6D2A941F1A7ACB2D00B88FEE /* PBXContainerItemProxy */ = {
			isa = PBXContainerItemProxy;
			containerPortal = 6D2A93FD1A7ACB2D00B88FEE /* Project object */;
			proxyType = 1;
			remoteGlobalIDString = 6D2A94041A7ACB2D00B88FEE;
			remoteInfo = Practice4;
		};
/* End PBXContainerItemProxy section */

/* Begin PBXFileReference section */
		6D2A94051A7ACB2D00B88FEE /* Practice4.app */ = {isa = PBXFileReference; explicitFileType = wrapper.application; includeInIndex = 0; path = Practice4.app; sourceTree = BUILT_PRODUCTS_DIR; };
		6D2A94091A7ACB2D00B88FEE /* Info.plist */ = {isa = PBXFileReference; lastKnownFileType = text.plist.xml; path = Info.plist; sourceTree = "<group>"; };
		6D2A940A1A7ACB2D00B88FEE /* main.m */ = {isa = PBXFileReference; lastKnownFileType = sourcecode.c.objc; path = main.m; sourceTree = "<group>"; };
		6D2A940C1A7ACB2D00B88FEE /* AppDelegate.h */ = {isa = PBXFileReference; lastKnownFileType = sourcecode.c.h; path = AppDelegate.h; sourceTree = "<group>"; };
		6D2A940D1A7ACB2D00B88FEE /* AppDelegate.m */ = {isa = PBXFileReference; lastKnownFileType = sourcecode.c.objc; path = AppDelegate.m; sourceTree = "<group>"; };
		6D2A940F1A7ACB2D00B88FEE /* ViewController.h */ = {isa = PBXFileReference; lastKnownFileType = sourcecode.c.h; path = ViewController.h; sourceTree = "<group>"; };
		6D2A94101A7ACB2D00B88FEE /* ViewController.m */ = {isa = PBXFileReference; lastKnownFileType = sourcecode.c.objc; path = ViewController.m; sourceTree = "<group>"; };
		6D2A94131A7ACB2D00B88FEE /* Base */ = {isa = PBXFileReference; lastKnownFileType = file.storyboard; name = Base; path = Base.lproj/Main.storyboard; sourceTree = "<group>"; };
		6D2A94151A7ACB2D00B88FEE /* Images.xcassets */ = {isa = PBXFileReference; lastKnownFileType = folder.assetcatalog; path = Images.xcassets; sourceTree = "<group>"; };
		6D2A94181A7ACB2D00B88FEE /* Base */ = {isa = PBXFileReference; lastKnownFileType = file.xib; name = Base; path = Base.lproj/LaunchScreen.xib; sourceTree = "<group>"; };
		6D2A941E1A7ACB2D00B88FEE /* Practice4Tests.xctest */ = {isa = PBXFileReference; explicitFileType = wrapper.cfbundle; includeInIndex = 0; path = Practice4Tests.xctest; sourceTree = BUILT_PRODUCTS_DIR; };
		6D2A94231A7ACB2D00B88FEE /* Info.plist */ = {isa = PBXFileReference; lastKnownFileType = text.plist.xml; path = Info.plist; sourceTree = "<group>"; };
		6D2A94241A7ACB2D00B88FEE /* Practice4Tests.m */ = {isa = PBXFileReference; lastKnownFileType = sourcecode.c.objc; path = Practice4Tests.m; sourceTree = "<group>"; };
/* End PBXFileReference section */

/* Begin PBXFrameworksBuildPhase section */
		6D2A94021A7ACB2D00B88FEE /* Frameworks */ = {
			isa = PBXFrameworksBuildPhase;
			buildActionMask = 2147483647;
			files = (
			);
			runOnlyForDeploymentPostprocessing = 0;
		};
		6D2A941B1A7ACB2D00B88FEE /* Frameworks */ = {
			isa = PBXFrameworksBuildPhase;
			buildActionMask = 2147483647;
			files = (
			);
			runOnlyForDeploymentPostprocessing = 0;
		};
/* End PBXFrameworksBuildPhase section */

/* Begin PBXGroup section */
		6D2A93FC1A7ACB2D00B88FEE = {
			isa = PBXGroup;
			children = (
				6D2A94071A7ACB2D00B88FEE /* Practice4 */,
				6D2A94211A7ACB2D00B88FEE /* Practice4Tests */,
				6D2A94061A7ACB2D00B88FEE /* Products */,
			);
			sourceTree = "<group>";
		};
		6D2A94061A7ACB2D00B88FEE /* Products */ = {
			isa = PBXGroup;
			children = (
				6D2A94051A7ACB2D00B88FEE /* Practice4.app */,
				6D2A941E1A7ACB2D00B88FEE /* Practice4Tests.xctest */,
			);
			name = Products;
			sourceTree = "<group>";
		};
		6D2A94071A7ACB2D00B88FEE /* Practice4 */ = {
			isa = PBXGroup;
			children = (
				6D2A940C1A7ACB2D00B88FEE /* AppDelegate.h */,
				6D2A940D1A7ACB2D00B88FEE /* AppDelegate.m */,
				6D2A940F1A7ACB2D00B88FEE /* ViewController.h */,
				6D2A94101A7ACB2D00B88FEE /* ViewController.m */,
				6D2A94121A7ACB2D00B88FEE /* Main.storyboard */,
				6D2A94151A7ACB2D00B88FEE /* Images.xcassets */,
				6D2A94171A7ACB2D00B88FEE /* LaunchScreen.xib */,
				6D2A94081A7ACB2D00B88FEE /* Supporting Files */,
			);
			path = Practice4;
			sourceTree = "<group>";
		};
		6D2A94081A7ACB2D00B88FEE /* Supporting Files */ = {
			isa = PBXGroup;
			children = (
				6D2A94091A7ACB2D00B88FEE /* Info.plist */,
				6D2A940A1A7ACB2D00B88FEE /* main.m */,
			);
			name = "Supporting Files";
			sourceTree = "<group>";
		};
		6D2A94211A7ACB2D00B88FEE /* Practice4Tests */ = {
			isa = PBXGroup;
			children = (
				6D2A94241A7ACB2D00B88FEE /* Practice4Tests.m */,
				6D2A94221A7ACB2D00B88FEE /* Supporting Files */,
			);
			path = Practice4Tests;
			sourceTree = "<group>";
		};
		6D2A94221A7ACB2D00B88FEE /* Supporting Files */ = {
			isa = PBXGroup;
			children = (
				6D2A94231A7ACB2D00B88FEE /* Info.plist */,
			);
			name = "Supporting Files";
			sourceTree = "<group>";
		};
/* End PBXGroup section */

/* Begin PBXNativeTarget section */
		6D2A94041A7ACB2D00B88FEE /* Practice4 */ = {
			isa = PBXNativeTarget;
			buildConfigurationList = 6D2A94281A7ACB2D00B88FEE /* Build configuration list for PBXNativeTarget "Practice4" */;
			buildPhases = (
				6D2A94011A7ACB2D00B88FEE /* Sources */,
				6D2A94021A7ACB2D00B88FEE /* Frameworks */,
				6D2A94031A7ACB2D00B88FEE /* Resources */,
			);
			buildRules = (
			);
			dependencies = (
			);
			name = Practice4;
			productName = Practice4;
			productReference = 6D2A94051A7ACB2D00B88FEE /* Practice4.app */;
			productType = "com.apple.product-type.application";
		};
		6D2A941D1A7ACB2D00B88FEE /* Practice4Tests */ = {
			isa = PBXNativeTarget;
			buildConfigurationList = 6D2A942B1A7ACB2D00B88FEE /* Build configuration list for PBXNativeTarget "Practice4Tests" */;
			buildPhases = (
				6D2A941A1A7ACB2D00B88FEE /* Sources */,
				6D2A941B1A7ACB2D00B88FEE /* Frameworks */,
				6D2A941C1A7ACB2D00B88FEE /* Resources */,
			);
			buildRules = (
			);
			dependencies = (
				6D2A94201A7ACB2D00B88FEE /* PBXTargetDependency */,
			);
			name = Practice4Tests;
			productName = Practice4Tests;
			productReference = 6D2A941E1A7ACB2D00B88FEE /* Practice4Tests.xctest */;
			productType = "com.apple.product-type.bundle.unit-test";
		};
/* End PBXNativeTarget section */

/* Begin PBXProject section */
		6D2A93FD1A7ACB2D00B88FEE /* Project object */ = {
			isa = PBXProject;
			attributes = {
				LastUpgradeCheck = 0610;
				ORGANIZATIONNAME = "Gabe Morales";
				TargetAttributes = {
					6D2A94041A7ACB2D00B88FEE = {
						CreatedOnToolsVersion = 6.1.1;
					};
					6D2A941D1A7ACB2D00B88FEE = {
						CreatedOnToolsVersion = 6.1.1;
						TestTargetID = 6D2A94041A7ACB2D00B88FEE;
					};
				};
			};
			buildConfigurationList = 6D2A94001A7ACB2D00B88FEE /* Build configuration list for PBXProject "Practice4" */;
			compatibilityVersion = "Xcode 3.2";
			developmentRegion = English;
			hasScannedForEncodings = 0;
			knownRegions = (
				en,
				Base,
			);
			mainGroup = 6D2A93FC1A7ACB2D00B88FEE;
			productRefGroup = 6D2A94061A7ACB2D00B88FEE /* Products */;
			projectDirPath = "";
			projectRoot = "";
			targets = (
				6D2A94041A7ACB2D00B88FEE /* Practice4 */,
				6D2A941D1A7ACB2D00B88FEE /* Practice4Tests */,
			);
		};
/* End PBXProject section */

/* Begin PBXResourcesBuildPhase section */
		6D2A94031A7ACB2D00B88FEE /* Resources */ = {
			isa = PBXResourcesBuildPhase;
			buildActionMask = 2147483647;
			files = (
				6D2A94141A7ACB2D00B88FEE /* Main.storyboard in Resources */,
				6D2A94191A7ACB2D00B88FEE /* LaunchScreen.xib in Resources */,
				6D2A94161A7ACB2D00B88FEE /* Images.xcassets in Resources */,
			);
			runOnlyForDeploymentPostprocessing = 0;
		};
		6D2A941C1A7ACB2D00B88FEE /* Resources */ = {
			isa = PBXResourcesBuildPhase;
			buildActionMask = 2147483647;
			files = (
			);
			runOnlyForDeploymentPostprocessing = 0;
		};
/* End PBXResourcesBuildPhase section */

/* Begin PBXSourcesBuildPhase section */
		6D2A94011A7ACB2D00B88FEE /* Sources */ = {
			isa = PBXSourcesBuildPhase;
			buildActionMask = 2147483647;
			files = (
				6D2A94111A7ACB2D00B88FEE /* ViewController.m in Sources */,
				6D2A940E1A7ACB2D00B88FEE /* AppDelegate.m in Sources */,
				6D2A940B1A7ACB2D00B88FEE /* main.m in Sources */,
			);
			runOnlyForDeploymentPostprocessing = 0;
		};
		6D2A941A1A7ACB2D00B88FEE /* Sources */ = {
			isa = PBXSourcesBuildPhase;
			buildActionMask = 2147483647;
			files = (
				6D2A94251A7ACB2D00B88FEE /* Practice4Tests.m in Sources */,
			);
			runOnlyForDeploymentPostprocessing = 0;
		};
/* End PBXSourcesBuildPhase section */

/* Begin PBXTargetDependency section */
		6D2A94201A7ACB2D00B88FEE /* PBXTargetDependency */ = {
			isa = PBXTargetDependency;
			target = 6D2A94041A7ACB2D00B88FEE /* Practice4 */;
			targetProxy = 6D2A941F1A7ACB2D00B88FEE /* PBXContainerItemProxy */;
		};
/* End PBXTargetDependency section */

/* Begin PBXVariantGroup section */
		6D2A94121A7ACB2D00B88FEE /* Main.storyboard */ = {
			isa = PBXVariantGroup;
			children = (
				6D2A94131A7ACB2D00B88FEE /* Base */,
			);
			name = Main.storyboard;
			sourceTree = "<group>";
		};
		6D2A94171A7ACB2D00B88FEE /* LaunchScreen.xib */ = {
			isa = PBXVariantGroup;
			children = (
				6D2A94181A7ACB2D00B88FEE /* Base */,
			);
			name = LaunchScreen.xib;
			sourceTree = "<group>";
		};
/* End PBXVariantGroup section */

/* Begin XCBuildConfiguration section */
		6D2A94261A7ACB2D00B88FEE /* Debug */ = {
			isa = XCBuildConfiguration;
			buildSettings = {
				ALWAYS_SEARCH_USER_PATHS = NO;
				CLANG_CXX_LANGUAGE_STANDARD = "gnu++0x";
				CLANG_CXX_LIBRARY = "libc++";
				CLANG_ENABLE_MODULES = YES;
				CLANG_ENABLE_OBJC_ARC = YES;
				CLANG_WARN_BOOL_CONVERSION = YES;
				CLANG_WARN_CONSTANT_CONVERSION = YES;
				CLANG_WARN_DIRECT_OBJC_ISA_USAGE = YES_ERROR;
				CLANG_WARN_EMPTY_BODY = YES;
				CLANG_WARN_ENUM_CONVERSION = YES;
				CLANG_WARN_INT_CONVERSION = YES;
				CLANG_WARN_OBJC_ROOT_CLASS = YES_ERROR;
				CLANG_WARN_UNREACHABLE_CODE = YES;
				CLANG_WARN__DUPLICATE_METHOD_MATCH = YES;
				"CODE_SIGN_IDENTITY[sdk=iphoneos*]" = "iPhone Developer";
				COPY_PHASE_STRIP = NO;
				ENABLE_STRICT_OBJC_MSGSEND = YES;
				GCC_C_LANGUAGE_STANDARD = gnu99;
				GCC_DYNAMIC_NO_PIC = NO;
				GCC_OPTIMIZATION_LEVEL = 0;
				GCC_PREPROCESSOR_DEFINITIONS = (
					"DEBUG=1",
					"$(inherited)",
				);
				GCC_SYMBOLS_PRIVATE_EXTERN = NO;
				GCC_WARN_64_TO_32_BIT_CONVERSION = YES;
				GCC_WARN_ABOUT_RETURN_TYPE = YES_ERROR;
				GCC_WARN_UNDECLARED_SELECTOR = YES;
				GCC_WARN_UNINITIALIZED_AUTOS = YES_AGGRESSIVE;
				GCC_WARN_UNUSED_FUNCTION = YES;
				GCC_WARN_UNUSED_VARIABLE = YES;
				IPHONEOS_DEPLOYMENT_TARGET = 8.1;
				MTL_ENABLE_DEBUG_INFO = YES;
				ONLY_ACTIVE_ARCH = YES;
				SDKROOT = iphoneos;
			};
			name = Debug;
		};
		6D2A94271A7ACB2D00B88FEE /* Release */ = {
			isa = XCBuildConfiguration;
			buildSettings = {
				ALWAYS_SEARCH_USER_PATHS = NO;
				CLANG_CXX_LANGUAGE_STANDARD = "gnu++0x";
				CLANG_CXX_LIBRARY = "libc++";
				CLANG_ENABLE_MODULES = YES;
				CLANG_ENABLE_OBJC_ARC = YES;
				CLANG_WARN_BOOL_CONVERSION = YES;
				CLANG_WARN_CONSTANT_CONVERSION = YES;
				CLANG_WARN_DIRECT_OBJC_ISA_USAGE = YES_ERROR;
				CLANG_WARN_EMPTY_BODY = YES;
				CLANG_WARN_ENUM_CONVERSION = YES;
				CLANG_WARN_INT_CONVERSION = YES;
				CLANG_WARN_OBJC_ROOT_CLASS = YES_ERROR;
				CLANG_WARN_UNREACHABLE_CODE = YES;
				CLANG_WARN__DUPLICATE_METHOD_MATCH = YES;
				"CODE_SIGN_IDENTITY[sdk=iphoneos*]" = "iPhone Developer";
				COPY_PHASE_STRIP = YES;
				ENABLE_NS_ASSERTIONS = NO;
				ENABLE_STRICT_OBJC_MSGSEND = YES;
				GCC_C_LANGUAGE_STANDARD = gnu99;
				GCC_WARN_64_TO_32_BIT_CONVERSION = YES;
				GCC_WARN_ABOUT_RETURN_TYPE = YES_ERROR;
				GCC_WARN_UNDECLARED_SELECTOR = YES;
				GCC_WARN_UNINITIALIZED_AUTOS = YES_AGGRESSIVE;
				GCC_WARN_UNUSED_FUNCTION = YES;
				GCC_WARN_UNUSED_VARIABLE = YES;
				IPHONEOS_DEPLOYMENT_TARGET = 8.1;
				MTL_ENABLE_DEBUG_INFO = NO;
				SDKROOT = iphoneos;
				VALIDATE_PRODUCT = YES;
			};
			name = Release;
		};
		6D2A94291A7ACB2D00B88FEE /* Debug */ = {
			isa = XCBuildConfiguration;
			buildSettings = {
				ASSETCATALOG_COMPILER_APPICON_NAME = AppIcon;
				INFOPLIST_FILE = Practice4/Info.plist;
				LD_RUNPATH_SEARCH_PATHS = "$(inherited) @executable_path/Frameworks";
				PRODUCT_NAME = "$(TARGET_NAME)";
			};
			name = Debug;
		};
		6D2A942A1A7ACB2D00B88FEE /* Release */ = {
			isa = XCBuildConfiguration;
			buildSettings = {
				ASSETCATALOG_COMPILER_APPICON_NAME = AppIcon;
				INFOPLIST_FILE = Practice4/Info.plist;
				LD_RUNPATH_SEARCH_PATHS = "$(inherited) @executable_path/Frameworks";
				PRODUCT_NAME = "$(TARGET_NAME)";
			};
			name = Release;
		};
		6D2A942C1A7ACB2D00B88FEE /* Debug */ = {
			isa = XCBuildConfiguration;
			buildSettings = {
				BUNDLE_LOADER = "$(TEST_HOST)";
				FRAMEWORK_SEARCH_PATHS = (
					"$(SDKROOT)/Developer/Library/Frameworks",
					"$(inherited)",
				);
				GCC_PREPROCESSOR_DEFINITIONS = (
					"DEBUG=1",
					"$(inherited)",
				);
				INFOPLIST_FILE = Practice4Tests/Info.plist;
				LD_RUNPATH_SEARCH_PATHS = "$(inherited) @executable_path/Frameworks @loader_path/Frameworks";
				PRODUCT_NAME = "$(TARGET_NAME)";
				TEST_HOST = "$(BUILT_PRODUCTS_DIR)/Practice4.app/Practice4";
			};
			name = Debug;
		};
		6D2A942D1A7ACB2D00B88FEE /* Release */ = {
			isa = XCBuildConfiguration;
			buildSettings = {
				BUNDLE_LOADER = "$(TEST_HOST)";
				FRAMEWORK_SEARCH_PATHS = (
					"$(SDKROOT)/Developer/Library/Frameworks",
					"$(inherited)",
				);
				INFOPLIST_FILE = Practice4Tests/Info.plist;
				LD_RUNPATH_SEARCH_PATHS = "$(inherited) @executable_path/Frameworks @loader_path/Frameworks";
				PRODUCT_NAME = "$(TARGET_NAME)";
				TEST_HOST = "$(BUILT_PRODUCTS_DIR)/Practice4.app/Practice4";
			};
			name = Release;
		};
/* End XCBuildConfiguration section */

/* Begin XCConfigurationList section */
		6D2A94001A7ACB2D00B88FEE /* Build configuration list for PBXProject "Practice4" */ = {
			isa = XCConfigurationList;
			buildConfigurations = (
				6D2A94261A7ACB2D00B88FEE /* Debug */,
				6D2A94271A7ACB2D00B88FEE /* Release */,
			);
			defaultConfigurationIsVisible = 0;
			defaultConfigurationName = Release;
		};
		6D2A94281A7ACB2D00B88FEE /* Build configuration list for PBXNativeTarget "Practice4" */ = {
			isa = XCConfigurationList;
			buildConfigurations = (
				6D2A94291A7ACB2D00B88FEE /* Debug */,
				6D2A942A1A7ACB2D00B88FEE /* Release */,
			);
			defaultConfigurationIsVisible = 0;
		};
		6D2A942B1A7ACB2D00B88FEE /* Build configuration list for PBXNativeTarget "Practice4Tests" */ = {
			isa = XCConfigurationList;
			buildConfigurations = (
				6D2A942C1A7ACB2D00B88FEE /* Debug */,
				6D2A942D1A7ACB2D00B88FEE /* Release */,
			);
			defaultConfigurationIsVisible = 0;
		};
/* End XCConfigurationList section */
	};
	rootObject = 6D2A93FD1A7ACB2D00B88FEE /* Project object */;
}
